
Microsoft Visual Studio Solution File, Format Version 12.00
# Visual Studio Version 17
VisualStudioVersion = 17.8.34322.80
MinimumVisualStudioVersion = 10.0.40219.1
Project("{8BC9CEB8-8B4A-11D0-8D11-00A0C91BC942}") = "16_Clipboard_shared_buffer_dad", "16_Clipboard_shared_buffer_dad\16_Clipboard_shared_buffer_dad.vcxproj", "{CACD8C1A-3CC7-4DED-BD59-6CD73FAAABD7}"
EndProject
Project("{8BC9CEB8-8B4A-11D0-8D11-00A0C91BC942}") = "Clipboard_shared_buffer_son", "Clipboard_shared_buffer_son\Clipboard_shared_buffer_son.vcxproj", "{20A460A1-46C8-4FCB-82D2-3C517B5F8AC4}"
EndProject
Global
	GlobalSection(SolutionConfigurationPlatforms) = preSolution
		Debug|x64 = Debug|x64
		Debug|x86 = Debug|x86
		Release|x64 = Release|x64
		Release|x86 = Release|x86
	EndGlobalSection
	GlobalSection(ProjectConfigurationPlatforms) = postSolution
		{CACD8C1A-3CC7-4DED-BD59-6CD73FAAABD7}.Debug|x64.ActiveCfg = Debug|x64
		{CACD8C1A-3CC7-4DED-BD59-6CD73FAAABD7}.Debug|x64.Build.0 = Debug|x64
		{CACD8C1A-3CC7-4DED-BD59-6CD73FAAABD7}.Debug|x86.ActiveCfg = Debug|Win32
		{CACD8C1A-3CC7-4DED-BD59-6CD73FAAABD7}.Debug|x86.Build.0 = Debug|Win32
		{CACD8C1A-3CC7-4DED-BD59-6CD73FAAABD7}.Release|x64.ActiveCfg = Release|x64
		{CACD8C1A-3CC7-4DED-BD59-6CD73FAAABD7}.Release|x64.Build.0 = Release|x64
		{CACD8C1A-3CC7-4DED-BD59-6CD73FAAABD7}.Release|x86.ActiveCfg = Release|Win32
		{CACD8C1A-3CC7-4DED-BD59-6CD73FAAABD7}.Release|x86.Build.0 = Release|Win32
		{20A460A1-46C8-4FCB-82D2-3C517B5F8AC4}.Debug|x64.ActiveCfg = Debug|x64
		{20A460A1-46C8-4FCB-82D2-3C517B5F8AC4}.Debug|x64.Build.0 = Debug|x64
		{20A460A1-46C8-4FCB-82D2-3C517B5F8AC4}.Debug|x86.ActiveCfg = Debug|Win32
		{20A460A1-46C8-4FCB-82D2-3C517B5F8AC4}.Debug|x86.Build.0 = Debug|Win32
		{20A460A1-46C8-4FCB-82D2-3C517B5F8AC4}.Release|x64.ActiveCfg = Release|x64
		{20A460A1-46C8-4FCB-82D2-3C517B5F8AC4}.Release|x64.Build.0 = Release|x64
		{20A460A1-46C8-4FCB-82D2-3C517B5F8AC4}.Release|x86.ActiveCfg = Release|Win32
		{20A460A1-46C8-4FCB-82D2-3C517B5F8AC4}.Release|x86.Build.0 = Release|Win32
	EndGlobalSection
	GlobalSection(SolutionProperties) = preSolution
		HideSolutionNode = FALSE
	EndGlobalSection
	GlobalSection(ExtensibilityGlobals) = postSolution
		SolutionGuid = {2825093D-15D3-44D3-851C-ACB40B224E55}
	EndGlobalSection
EndGlobal
