
Microsoft Visual Studio Solution File, Format Version 12.00
# Visual Studio Version 17
VisualStudioVersion = 17.8.34322.80
MinimumVisualStudioVersion = 10.0.40219.1
Project("{8BC9CEB8-8B4A-11D0-8D11-00A0C91BC942}") = "AnonymPipeDad", "AnonymPipe\AnonymPipe.vcxproj", "{6580A022-FD7F-4FB6-AC5A-DB8B4CF06248}"
EndProject
Project("{8BC9CEB8-8B4A-11D0-8D11-00A0C91BC942}") = "AnonymPipeSon", "AnonymPipeSon\AnonymPipeSon.vcxproj", "{65AD6A9B-5AE9-4B11-9655-2AD7B291A3AA}"
EndProject
Global
	GlobalSection(SolutionConfigurationPlatforms) = preSolution
		Debug|x64 = Debug|x64
		Debug|x86 = Debug|x86
		Release|x64 = Release|x64
		Release|x86 = Release|x86
	EndGlobalSection
	GlobalSection(ProjectConfigurationPlatforms) = postSolution
		{6580A022-FD7F-4FB6-AC5A-DB8B4CF06248}.Debug|x64.ActiveCfg = Debug|x64
		{6580A022-FD7F-4FB6-AC5A-DB8B4CF06248}.Debug|x64.Build.0 = Debug|x64
		{6580A022-FD7F-4FB6-AC5A-DB8B4CF06248}.Debug|x86.ActiveCfg = Debug|Win32
		{6580A022-FD7F-4FB6-AC5A-DB8B4CF06248}.Debug|x86.Build.0 = Debug|Win32
		{6580A022-FD7F-4FB6-AC5A-DB8B4CF06248}.Release|x64.ActiveCfg = Release|x64
		{6580A022-FD7F-4FB6-AC5A-DB8B4CF06248}.Release|x64.Build.0 = Release|x64
		{6580A022-FD7F-4FB6-AC5A-DB8B4CF06248}.Release|x86.ActiveCfg = Release|Win32
		{6580A022-FD7F-4FB6-AC5A-DB8B4CF06248}.Release|x86.Build.0 = Release|Win32
		{65AD6A9B-5AE9-4B11-9655-2AD7B291A3AA}.Debug|x64.ActiveCfg = Debug|x64
		{65AD6A9B-5AE9-4B11-9655-2AD7B291A3AA}.Debug|x64.Build.0 = Debug|x64
		{65AD6A9B-5AE9-4B11-9655-2AD7B291A3AA}.Debug|x86.ActiveCfg = Debug|Win32
		{65AD6A9B-5AE9-4B11-9655-2AD7B291A3AA}.Debug|x86.Build.0 = Debug|Win32
		{65AD6A9B-5AE9-4B11-9655-2AD7B291A3AA}.Release|x64.ActiveCfg = Release|x64
		{65AD6A9B-5AE9-4B11-9655-2AD7B291A3AA}.Release|x64.Build.0 = Release|x64
		{65AD6A9B-5AE9-4B11-9655-2AD7B291A3AA}.Release|x86.ActiveCfg = Release|Win32
		{65AD6A9B-5AE9-4B11-9655-2AD7B291A3AA}.Release|x86.Build.0 = Release|Win32
	EndGlobalSection
	GlobalSection(SolutionProperties) = preSolution
		HideSolutionNode = FALSE
	EndGlobalSection
	GlobalSection(ExtensibilityGlobals) = postSolution
		SolutionGuid = {D4D44E41-8FE3-4EE5-93CB-61CB2008E103}
	EndGlobalSection
EndGlobal
