
Microsoft Visual Studio Solution File, Format Version 12.00
# Visual Studio Version 17
VisualStudioVersion = 17.8.34322.80
MinimumVisualStudioVersion = 10.0.40219.1
Project("{8BC9CEB8-8B4A-11D0-8D11-00A0C91BC942}") = "14_REGEDIT_STRING", "14_REGEDIT_STRING\14_REGEDIT_STRING.vcxproj", "{4ACCE282-A37F-4CE1-BADE-3342486CA0BB}"
EndProject
Global
	GlobalSection(SolutionConfigurationPlatforms) = preSolution
		Debug|x64 = Debug|x64
		Debug|x86 = Debug|x86
		Release|x64 = Release|x64
		Release|x86 = Release|x86
	EndGlobalSection
	GlobalSection(ProjectConfigurationPlatforms) = postSolution
		{4ACCE282-A37F-4CE1-BADE-3342486CA0BB}.Debug|x64.ActiveCfg = Debug|x64
		{4ACCE282-A37F-4CE1-BADE-3342486CA0BB}.Debug|x64.Build.0 = Debug|x64
		{4ACCE282-A37F-4CE1-BADE-3342486CA0BB}.Debug|x86.ActiveCfg = Debug|Win32
		{4ACCE282-A37F-4CE1-BADE-3342486CA0BB}.Debug|x86.Build.0 = Debug|Win32
		{4ACCE282-A37F-4CE1-BADE-3342486CA0BB}.Release|x64.ActiveCfg = Release|x64
		{4ACCE282-A37F-4CE1-BADE-3342486CA0BB}.Release|x64.Build.0 = Release|x64
		{4ACCE282-A37F-4CE1-BADE-3342486CA0BB}.Release|x86.ActiveCfg = Release|Win32
		{4ACCE282-A37F-4CE1-BADE-3342486CA0BB}.Release|x86.Build.0 = Release|Win32
	EndGlobalSection
	GlobalSection(SolutionProperties) = preSolution
		HideSolutionNode = FALSE
	EndGlobalSection
	GlobalSection(ExtensibilityGlobals) = postSolution
		SolutionGuid = {AD36E347-6F47-407D-BEFD-3E9AF43E1DFB}
	EndGlobalSection
EndGlobal
